
Microsoft Visual Studio Solution File, Format Version 12.00
# Visual Studio Version 16
VisualStudioVersion = 16.0.29409.12
MinimumVisualStudioVersion = 15.0.26124.0
Project("{9A19103F-16F7-4668-BE54-9A1E7A4F7556}") = "webapi", "webapi\webapi.csproj", "{DA89F55F-1FD5-4BA1-BD52-F24D1F9DFA4F}"
EndProject
Project("{9A19103F-16F7-4668-BE54-9A1E7A4F7556}") = "DtoModel", "DtoModel\DtoModel.csproj", "{990C0ADB-8464-4E0D-A406-FDBFD66CCA3D}"
EndProject
Project("{9A19103F-16F7-4668-BE54-9A1E7A4F7556}") = "apiface2", "apiface2\apiface2.csproj", "{B3C9D26D-1977-45BF-B907-10FDD15CF174}"
EndProject
Project("{9A19103F-16F7-4668-BE54-9A1E7A4F7556}") = "azurestorageoperations", "azurestorageoperations\azurestorageoperations.csproj", "{1C686FB9-1FBB-418F-98D8-DFA8AC45F0AA}"
EndProject
Project("{9A19103F-16F7-4668-BE54-9A1E7A4F7556}") = "facedetectionapi", "facedetectionapi\facedetectionapi.csproj", "{5D656428-6F2C-430A-B179-5E9E9530657E}"
EndProject
Project("{9A19103F-16F7-4668-BE54-9A1E7A4F7556}") = "Microsoft.Azure.CognitiveServices.Vision.Face", "..\azure-sdk-for-net\sdk\cognitiveservices\Vision.Face\src\Microsoft.Azure.CognitiveServices.Vision.Face.csproj", "{F5E304DB-143A-41A9-ACA3-DC78E53EA593}"
EndProject
Project("{FAE04EC0-301F-11D3-BF4B-00C04F79EFBC}") = "facedemoconsoletest", "facedemoconsoletest\facedemoconsoletest.csproj", "{DCA99121-1B58-4711-BAC7-0D318E0D6EC8}"
EndProject
Global
	GlobalSection(SolutionConfigurationPlatforms) = preSolution
		Debug|Any CPU = Debug|Any CPU
		Debug|x64 = Debug|x64
		Debug|x86 = Debug|x86
		Release|Any CPU = Release|Any CPU
		Release|x64 = Release|x64
		Release|x86 = Release|x86
	EndGlobalSection
	GlobalSection(ProjectConfigurationPlatforms) = postSolution
		{DA89F55F-1FD5-4BA1-BD52-F24D1F9DFA4F}.Debug|Any CPU.ActiveCfg = Debug|Any CPU
		{DA89F55F-1FD5-4BA1-BD52-F24D1F9DFA4F}.Debug|Any CPU.Build.0 = Debug|Any CPU
		{DA89F55F-1FD5-4BA1-BD52-F24D1F9DFA4F}.Debug|x64.ActiveCfg = Debug|Any CPU
		{DA89F55F-1FD5-4BA1-BD52-F24D1F9DFA4F}.Debug|x64.Build.0 = Debug|Any CPU
		{DA89F55F-1FD5-4BA1-BD52-F24D1F9DFA4F}.Debug|x86.ActiveCfg = Debug|Any CPU
		{DA89F55F-1FD5-4BA1-BD52-F24D1F9DFA4F}.Debug|x86.Build.0 = Debug|Any CPU
		{DA89F55F-1FD5-4BA1-BD52-F24D1F9DFA4F}.Release|Any CPU.ActiveCfg = Release|Any CPU
		{DA89F55F-1FD5-4BA1-BD52-F24D1F9DFA4F}.Release|Any CPU.Build.0 = Release|Any CPU
		{DA89F55F-1FD5-4BA1-BD52-F24D1F9DFA4F}.Release|x64.ActiveCfg = Release|Any CPU
		{DA89F55F-1FD5-4BA1-BD52-F24D1F9DFA4F}.Release|x64.Build.0 = Release|Any CPU
		{DA89F55F-1FD5-4BA1-BD52-F24D1F9DFA4F}.Release|x86.ActiveCfg = Release|Any CPU
		{DA89F55F-1FD5-4BA1-BD52-F24D1F9DFA4F}.Release|x86.Build.0 = Release|Any CPU
		{990C0ADB-8464-4E0D-A406-FDBFD66CCA3D}.Debug|Any CPU.ActiveCfg = Debug|Any CPU
		{990C0ADB-8464-4E0D-A406-FDBFD66CCA3D}.Debug|Any CPU.Build.0 = Debug|Any CPU
		{990C0ADB-8464-4E0D-A406-FDBFD66CCA3D}.Debug|x64.ActiveCfg = Debug|Any CPU
		{990C0ADB-8464-4E0D-A406-FDBFD66CCA3D}.Debug|x64.Build.0 = Debug|Any CPU
		{990C0ADB-8464-4E0D-A406-FDBFD66CCA3D}.Debug|x86.ActiveCfg = Debug|Any CPU
		{990C0ADB-8464-4E0D-A406-FDBFD66CCA3D}.Debug|x86.Build.0 = Debug|Any CPU
		{990C0ADB-8464-4E0D-A406-FDBFD66CCA3D}.Release|Any CPU.ActiveCfg = Release|Any CPU
		{990C0ADB-8464-4E0D-A406-FDBFD66CCA3D}.Release|Any CPU.Build.0 = Release|Any CPU
		{990C0ADB-8464-4E0D-A406-FDBFD66CCA3D}.Release|x64.ActiveCfg = Release|Any CPU
		{990C0ADB-8464-4E0D-A406-FDBFD66CCA3D}.Release|x64.Build.0 = Release|Any CPU
		{990C0ADB-8464-4E0D-A406-FDBFD66CCA3D}.Release|x86.ActiveCfg = Release|Any CPU
		{990C0ADB-8464-4E0D-A406-FDBFD66CCA3D}.Release|x86.Build.0 = Release|Any CPU
		{B3C9D26D-1977-45BF-B907-10FDD15CF174}.Debug|Any CPU.ActiveCfg = Debug|Any CPU
		{B3C9D26D-1977-45BF-B907-10FDD15CF174}.Debug|Any CPU.Build.0 = Debug|Any CPU
		{B3C9D26D-1977-45BF-B907-10FDD15CF174}.Debug|x64.ActiveCfg = Debug|Any CPU
		{B3C9D26D-1977-45BF-B907-10FDD15CF174}.Debug|x64.Build.0 = Debug|Any CPU
		{B3C9D26D-1977-45BF-B907-10FDD15CF174}.Debug|x86.ActiveCfg = Debug|Any CPU
		{B3C9D26D-1977-45BF-B907-10FDD15CF174}.Debug|x86.Build.0 = Debug|Any CPU
		{B3C9D26D-1977-45BF-B907-10FDD15CF174}.Release|Any CPU.ActiveCfg = Release|Any CPU
		{B3C9D26D-1977-45BF-B907-10FDD15CF174}.Release|Any CPU.Build.0 = Release|Any CPU
		{B3C9D26D-1977-45BF-B907-10FDD15CF174}.Release|x64.ActiveCfg = Release|Any CPU
		{B3C9D26D-1977-45BF-B907-10FDD15CF174}.Release|x64.Build.0 = Release|Any CPU
		{B3C9D26D-1977-45BF-B907-10FDD15CF174}.Release|x86.ActiveCfg = Release|Any CPU
		{B3C9D26D-1977-45BF-B907-10FDD15CF174}.Release|x86.Build.0 = Release|Any CPU
		{1C686FB9-1FBB-418F-98D8-DFA8AC45F0AA}.Debug|Any CPU.ActiveCfg = Debug|Any CPU
		{1C686FB9-1FBB-418F-98D8-DFA8AC45F0AA}.Debug|Any CPU.Build.0 = Debug|Any CPU
		{1C686FB9-1FBB-418F-98D8-DFA8AC45F0AA}.Debug|x64.ActiveCfg = Debug|Any CPU
		{1C686FB9-1FBB-418F-98D8-DFA8AC45F0AA}.Debug|x64.Build.0 = Debug|Any CPU
		{1C686FB9-1FBB-418F-98D8-DFA8AC45F0AA}.Debug|x86.ActiveCfg = Debug|Any CPU
		{1C686FB9-1FBB-418F-98D8-DFA8AC45F0AA}.Debug|x86.Build.0 = Debug|Any CPU
		{1C686FB9-1FBB-418F-98D8-DFA8AC45F0AA}.Release|Any CPU.ActiveCfg = Release|Any CPU
		{1C686FB9-1FBB-418F-98D8-DFA8AC45F0AA}.Release|Any CPU.Build.0 = Release|Any CPU
		{1C686FB9-1FBB-418F-98D8-DFA8AC45F0AA}.Release|x64.ActiveCfg = Release|Any CPU
		{1C686FB9-1FBB-418F-98D8-DFA8AC45F0AA}.Release|x64.Build.0 = Release|Any CPU
		{1C686FB9-1FBB-418F-98D8-DFA8AC45F0AA}.Release|x86.ActiveCfg = Release|Any CPU
		{1C686FB9-1FBB-418F-98D8-DFA8AC45F0AA}.Release|x86.Build.0 = Release|Any CPU
		{5D656428-6F2C-430A-B179-5E9E9530657E}.Debug|Any CPU.ActiveCfg = Debug|Any CPU
		{5D656428-6F2C-430A-B179-5E9E9530657E}.Debug|Any CPU.Build.0 = Debug|Any CPU
		{5D656428-6F2C-430A-B179-5E9E9530657E}.Debug|x64.ActiveCfg = Debug|Any CPU
		{5D656428-6F2C-430A-B179-5E9E9530657E}.Debug|x64.Build.0 = Debug|Any CPU
		{5D656428-6F2C-430A-B179-5E9E9530657E}.Debug|x86.ActiveCfg = Debug|Any CPU
		{5D656428-6F2C-430A-B179-5E9E9530657E}.Debug|x86.Build.0 = Debug|Any CPU
		{5D656428-6F2C-430A-B179-5E9E9530657E}.Release|Any CPU.ActiveCfg = Release|Any CPU
		{5D656428-6F2C-430A-B179-5E9E9530657E}.Release|Any CPU.Build.0 = Release|Any CPU
		{5D656428-6F2C-430A-B179-5E9E9530657E}.Release|x64.ActiveCfg = Release|Any CPU
		{5D656428-6F2C-430A-B179-5E9E9530657E}.Release|x64.Build.0 = Release|Any CPU
		{5D656428-6F2C-430A-B179-5E9E9530657E}.Release|x86.ActiveCfg = Release|Any CPU
		{5D656428-6F2C-430A-B179-5E9E9530657E}.Release|x86.Build.0 = Release|Any CPU
		{F5E304DB-143A-41A9-ACA3-DC78E53EA593}.Debug|Any CPU.ActiveCfg = Debug|Any CPU
		{F5E304DB-143A-41A9-ACA3-DC78E53EA593}.Debug|Any CPU.Build.0 = Debug|Any CPU
		{F5E304DB-143A-41A9-ACA3-DC78E53EA593}.Debug|x64.ActiveCfg = Debug|Any CPU
		{F5E304DB-143A-41A9-ACA3-DC78E53EA593}.Debug|x64.Build.0 = Debug|Any CPU
		{F5E304DB-143A-41A9-ACA3-DC78E53EA593}.Debug|x86.ActiveCfg = Debug|Any CPU
		{F5E304DB-143A-41A9-ACA3-DC78E53EA593}.Debug|x86.Build.0 = Debug|Any CPU
		{F5E304DB-143A-41A9-ACA3-DC78E53EA593}.Release|Any CPU.ActiveCfg = Release|Any CPU
		{F5E304DB-143A-41A9-ACA3-DC78E53EA593}.Release|Any CPU.Build.0 = Release|Any CPU
		{F5E304DB-143A-41A9-ACA3-DC78E53EA593}.Release|x64.ActiveCfg = Release|Any CPU
		{F5E304DB-143A-41A9-ACA3-DC78E53EA593}.Release|x64.Build.0 = Release|Any CPU
		{F5E304DB-143A-41A9-ACA3-DC78E53EA593}.Release|x86.ActiveCfg = Release|Any CPU
		{F5E304DB-143A-41A9-ACA3-DC78E53EA593}.Release|x86.Build.0 = Release|Any CPU
		{DCA99121-1B58-4711-BAC7-0D318E0D6EC8}.Debug|Any CPU.ActiveCfg = Debug|Any CPU
		{DCA99121-1B58-4711-BAC7-0D318E0D6EC8}.Debug|Any CPU.Build.0 = Debug|Any CPU
		{DCA99121-1B58-4711-BAC7-0D318E0D6EC8}.Debug|x64.ActiveCfg = Debug|Any CPU
		{DCA99121-1B58-4711-BAC7-0D318E0D6EC8}.Debug|x64.Build.0 = Debug|Any CPU
		{DCA99121-1B58-4711-BAC7-0D318E0D6EC8}.Debug|x86.ActiveCfg = Debug|Any CPU
		{DCA99121-1B58-4711-BAC7-0D318E0D6EC8}.Debug|x86.Build.0 = Debug|Any CPU
		{DCA99121-1B58-4711-BAC7-0D318E0D6EC8}.Release|Any CPU.ActiveCfg = Release|Any CPU
		{DCA99121-1B58-4711-BAC7-0D318E0D6EC8}.Release|Any CPU.Build.0 = Release|Any CPU
		{DCA99121-1B58-4711-BAC7-0D318E0D6EC8}.Release|x64.ActiveCfg = Release|Any CPU
		{DCA99121-1B58-4711-BAC7-0D318E0D6EC8}.Release|x64.Build.0 = Release|Any CPU
		{DCA99121-1B58-4711-BAC7-0D318E0D6EC8}.Release|x86.ActiveCfg = Release|Any CPU
		{DCA99121-1B58-4711-BAC7-0D318E0D6EC8}.Release|x86.Build.0 = Release|Any CPU
	EndGlobalSection
	GlobalSection(SolutionProperties) = preSolution
		HideSolutionNode = FALSE
	EndGlobalSection
	GlobalSection(ExtensibilityGlobals) = postSolution
		SolutionGuid = {129364D2-C806-43AF-A5AC-7084722B9C99}
	EndGlobalSection
EndGlobal
